
Microsoft Visual Studio Solution File, Format Version 12.00
# Visual Studio Version 17
VisualStudioVersion = 17.8.34525.116
MinimumVisualStudioVersion = 10.0.40219.1
Project("{9A19103F-16F7-4668-BE54-9A1E7A4F7556}") = "TypesAndVaritables", "TypesAndVaritables\TypesAndVaritables.csproj", "{C91D0A42-8742-40E6-BD46-03A0D1806D1A}"
EndProject
Project("{9A19103F-16F7-4668-BE54-9A1E7A4F7556}") = "Conditions", "Conditions\Conditions.csproj", "{CF6D8C1A-99C1-4A5F-9F31-3CC7945967FB}"
EndProject
Project("{9A19103F-16F7-4668-BE54-9A1E7A4F7556}") = "Methods", "Methods\Methods.csproj", "{106906E3-BA2D-463D-972A-DA6B04C02468}"
EndProject
Project("{9A19103F-16F7-4668-BE54-9A1E7A4F7556}") = "Arrays", "Arrays\Arrays.csproj", "{1D7BEEB5-5B41-4BC6-A86C-6CB764E3E5EC}"
EndProject
Project("{9A19103F-16F7-4668-BE54-9A1E7A4F7556}") = "Loops", "Loops\Loops.csproj", "{ABE1341D-7246-4744-BE28-AAEAB8C17CEA}"
EndProject
Project("{9A19103F-16F7-4668-BE54-9A1E7A4F7556}") = "Strings", "Strings\Strings.csproj", "{1CEED832-55B0-4593-8927-92B2C2C009AD}"
EndProject
Project("{9A19103F-16F7-4668-BE54-9A1E7A4F7556}") = "Classes", "Classes\Classes.csproj", "{D6147243-4330-41DE-8374-74FDDF91C014}"
EndProject
Project("{9A19103F-16F7-4668-BE54-9A1E7A4F7556}") = "RecapDemo1", "RecapDemo1\RecapDemo1.csproj", "{A8B2C76E-2F55-4982-BA5F-8656B4D9E667}"
EndProject
Project("{9A19103F-16F7-4668-BE54-9A1E7A4F7556}") = "Interfaces", "Interfaces\Interfaces.csproj", "{731E3351-3758-4D46-A056-3E131A0BE02C}"
EndProject
Project("{9A19103F-16F7-4668-BE54-9A1E7A4F7556}") = "InterfacesDemo", "InterfacesDemo\InterfacesDemo.csproj", "{D660534A-051F-4728-AADA-9E37200CA34D}"
EndProject
Project("{9A19103F-16F7-4668-BE54-9A1E7A4F7556}") = "Inheritance", "Inheritance\Inheritance.csproj", "{6EEE3AB1-1D3B-46B5-A28B-44D9B1486369}"
EndProject
Project("{FAE04EC0-301F-11D3-BF4B-00C04F79EFBC}") = "ReferenceTypes", "ReferenceTypes\ReferenceTypes.csproj", "{3106C4F2-94AC-4C68-BC8B-386E9C1C3FF5}"
EndProject
Project("{FAE04EC0-301F-11D3-BF4B-00C04F79EFBC}") = "Constructor", "Constructor\Constructor.csproj", "{539F0721-6124-448B-99F1-5B143F83F529}"
EndProject
Project("{FAE04EC0-301F-11D3-BF4B-00C04F79EFBC}") = "Interfaces2", "Interfaces2\Interfaces2.csproj", "{028A71FC-3661-4BDC-964C-48500B3F6AAD}"
EndProject
Global
	GlobalSection(SolutionConfigurationPlatforms) = preSolution
		Debug|Any CPU = Debug|Any CPU
		Release|Any CPU = Release|Any CPU
	EndGlobalSection
	GlobalSection(ProjectConfigurationPlatforms) = postSolution
		{C91D0A42-8742-40E6-BD46-03A0D1806D1A}.Debug|Any CPU.ActiveCfg = Debug|Any CPU
		{C91D0A42-8742-40E6-BD46-03A0D1806D1A}.Debug|Any CPU.Build.0 = Debug|Any CPU
		{C91D0A42-8742-40E6-BD46-03A0D1806D1A}.Release|Any CPU.ActiveCfg = Release|Any CPU
		{C91D0A42-8742-40E6-BD46-03A0D1806D1A}.Release|Any CPU.Build.0 = Release|Any CPU
		{CF6D8C1A-99C1-4A5F-9F31-3CC7945967FB}.Debug|Any CPU.ActiveCfg = Debug|Any CPU
		{CF6D8C1A-99C1-4A5F-9F31-3CC7945967FB}.Debug|Any CPU.Build.0 = Debug|Any CPU
		{CF6D8C1A-99C1-4A5F-9F31-3CC7945967FB}.Release|Any CPU.ActiveCfg = Release|Any CPU
		{CF6D8C1A-99C1-4A5F-9F31-3CC7945967FB}.Release|Any CPU.Build.0 = Release|Any CPU
		{106906E3-BA2D-463D-972A-DA6B04C02468}.Debug|Any CPU.ActiveCfg = Debug|Any CPU
		{106906E3-BA2D-463D-972A-DA6B04C02468}.Debug|Any CPU.Build.0 = Debug|Any CPU
		{106906E3-BA2D-463D-972A-DA6B04C02468}.Release|Any CPU.ActiveCfg = Release|Any CPU
		{106906E3-BA2D-463D-972A-DA6B04C02468}.Release|Any CPU.Build.0 = Release|Any CPU
		{1D7BEEB5-5B41-4BC6-A86C-6CB764E3E5EC}.Debug|Any CPU.ActiveCfg = Debug|Any CPU
		{1D7BEEB5-5B41-4BC6-A86C-6CB764E3E5EC}.Debug|Any CPU.Build.0 = Debug|Any CPU
		{1D7BEEB5-5B41-4BC6-A86C-6CB764E3E5EC}.Release|Any CPU.ActiveCfg = Release|Any CPU
		{1D7BEEB5-5B41-4BC6-A86C-6CB764E3E5EC}.Release|Any CPU.Build.0 = Release|Any CPU
		{ABE1341D-7246-4744-BE28-AAEAB8C17CEA}.Debug|Any CPU.ActiveCfg = Debug|Any CPU
		{ABE1341D-7246-4744-BE28-AAEAB8C17CEA}.Debug|Any CPU.Build.0 = Debug|Any CPU
		{ABE1341D-7246-4744-BE28-AAEAB8C17CEA}.Release|Any CPU.ActiveCfg = Release|Any CPU
		{ABE1341D-7246-4744-BE28-AAEAB8C17CEA}.Release|Any CPU.Build.0 = Release|Any CPU
		{1CEED832-55B0-4593-8927-92B2C2C009AD}.Debug|Any CPU.ActiveCfg = Debug|Any CPU
		{1CEED832-55B0-4593-8927-92B2C2C009AD}.Debug|Any CPU.Build.0 = Debug|Any CPU
		{1CEED832-55B0-4593-8927-92B2C2C009AD}.Release|Any CPU.ActiveCfg = Release|Any CPU
		{1CEED832-55B0-4593-8927-92B2C2C009AD}.Release|Any CPU.Build.0 = Release|Any CPU
		{D6147243-4330-41DE-8374-74FDDF91C014}.Debug|Any CPU.ActiveCfg = Debug|Any CPU
		{D6147243-4330-41DE-8374-74FDDF91C014}.Debug|Any CPU.Build.0 = Debug|Any CPU
		{D6147243-4330-41DE-8374-74FDDF91C014}.Release|Any CPU.ActiveCfg = Release|Any CPU
		{D6147243-4330-41DE-8374-74FDDF91C014}.Release|Any CPU.Build.0 = Release|Any CPU
		{A8B2C76E-2F55-4982-BA5F-8656B4D9E667}.Debug|Any CPU.ActiveCfg = Debug|Any CPU
		{A8B2C76E-2F55-4982-BA5F-8656B4D9E667}.Debug|Any CPU.Build.0 = Debug|Any CPU
		{A8B2C76E-2F55-4982-BA5F-8656B4D9E667}.Release|Any CPU.ActiveCfg = Release|Any CPU
		{A8B2C76E-2F55-4982-BA5F-8656B4D9E667}.Release|Any CPU.Build.0 = Release|Any CPU
		{731E3351-3758-4D46-A056-3E131A0BE02C}.Debug|Any CPU.ActiveCfg = Debug|Any CPU
		{731E3351-3758-4D46-A056-3E131A0BE02C}.Debug|Any CPU.Build.0 = Debug|Any CPU
		{731E3351-3758-4D46-A056-3E131A0BE02C}.Release|Any CPU.ActiveCfg = Release|Any CPU
		{731E3351-3758-4D46-A056-3E131A0BE02C}.Release|Any CPU.Build.0 = Release|Any CPU
		{D660534A-051F-4728-AADA-9E37200CA34D}.Debug|Any CPU.ActiveCfg = Debug|Any CPU
		{D660534A-051F-4728-AADA-9E37200CA34D}.Debug|Any CPU.Build.0 = Debug|Any CPU
		{D660534A-051F-4728-AADA-9E37200CA34D}.Release|Any CPU.ActiveCfg = Release|Any CPU
		{D660534A-051F-4728-AADA-9E37200CA34D}.Release|Any CPU.Build.0 = Release|Any CPU
		{6EEE3AB1-1D3B-46B5-A28B-44D9B1486369}.Debug|Any CPU.ActiveCfg = Debug|Any CPU
		{6EEE3AB1-1D3B-46B5-A28B-44D9B1486369}.Debug|Any CPU.Build.0 = Debug|Any CPU
		{6EEE3AB1-1D3B-46B5-A28B-44D9B1486369}.Release|Any CPU.ActiveCfg = Release|Any CPU
		{6EEE3AB1-1D3B-46B5-A28B-44D9B1486369}.Release|Any CPU.Build.0 = Release|Any CPU
		{3106C4F2-94AC-4C68-BC8B-386E9C1C3FF5}.Debug|Any CPU.ActiveCfg = Debug|Any CPU
		{3106C4F2-94AC-4C68-BC8B-386E9C1C3FF5}.Debug|Any CPU.Build.0 = Debug|Any CPU
		{3106C4F2-94AC-4C68-BC8B-386E9C1C3FF5}.Release|Any CPU.ActiveCfg = Release|Any CPU
		{3106C4F2-94AC-4C68-BC8B-386E9C1C3FF5}.Release|Any CPU.Build.0 = Release|Any CPU
		{539F0721-6124-448B-99F1-5B143F83F529}.Debug|Any CPU.ActiveCfg = Debug|Any CPU
		{539F0721-6124-448B-99F1-5B143F83F529}.Debug|Any CPU.Build.0 = Debug|Any CPU
		{539F0721-6124-448B-99F1-5B143F83F529}.Release|Any CPU.ActiveCfg = Release|Any CPU
		{539F0721-6124-448B-99F1-5B143F83F529}.Release|Any CPU.Build.0 = Release|Any CPU
		{028A71FC-3661-4BDC-964C-48500B3F6AAD}.Debug|Any CPU.ActiveCfg = Debug|Any CPU
		{028A71FC-3661-4BDC-964C-48500B3F6AAD}.Debug|Any CPU.Build.0 = Debug|Any CPU
		{028A71FC-3661-4BDC-964C-48500B3F6AAD}.Release|Any CPU.ActiveCfg = Release|Any CPU
		{028A71FC-3661-4BDC-964C-48500B3F6AAD}.Release|Any CPU.Build.0 = Release|Any CPU
	EndGlobalSection
	GlobalSection(SolutionProperties) = preSolution
		HideSolutionNode = FALSE
	EndGlobalSection
	GlobalSection(ExtensibilityGlobals) = postSolution
		SolutionGuid = {E699A0EE-299B-4F11-A017-C2EC70793907}
	EndGlobalSection
EndGlobal
