
Microsoft Visual Studio Solution File, Format Version 12.00
# Visual Studio Version 17
VisualStudioVersion = 17.8.34525.116
MinimumVisualStudioVersion = 10.0.40219.1
Project("{FAE04EC0-301F-11D3-BF4B-00C04F79EFBC}") = "KodlamaioHomePage", "KodlamaioHomePage\KodlamaioHomePage.csproj", "{D31F6F42-FEEF-4904-8BF8-72FDEFACE997}"
EndProject
Global
	GlobalSection(SolutionConfigurationPlatforms) = preSolution
		Debug|Any CPU = Debug|Any CPU
		Release|Any CPU = Release|Any CPU
	EndGlobalSection
	GlobalSection(ProjectConfigurationPlatforms) = postSolution
		{D31F6F42-FEEF-4904-8BF8-72FDEFACE997}.Debug|Any CPU.ActiveCfg = Debug|Any CPU
		{D31F6F42-FEEF-4904-8BF8-72FDEFACE997}.Debug|Any CPU.Build.0 = Debug|Any CPU
		{D31F6F42-FEEF-4904-8BF8-72FDEFACE997}.Release|Any CPU.ActiveCfg = Release|Any CPU
		{D31F6F42-FEEF-4904-8BF8-72FDEFACE997}.Release|Any CPU.Build.0 = Release|Any CPU
	EndGlobalSection
	GlobalSection(SolutionProperties) = preSolution
		HideSolutionNode = FALSE
	EndGlobalSection
	GlobalSection(ExtensibilityGlobals) = postSolution
		SolutionGuid = {DF309CF0-2DEE-459D-B4C7-29107EC71A43}
	EndGlobalSection
EndGlobal
